
Microsoft Visual Studio Solution File, Format Version 12.00
# Visual Studio 2012
Project("{FAE04EC0-301F-11D3-BF4B-00C04F79EFBC}") = "BusinessLayer", "BusinessLayer\BusinessLayer.csproj", "{381BD9D9-A05E-4683-B8CB-EBB7C9F23EB9}"
EndProject
Project("{FAE04EC0-301F-11D3-BF4B-00C04F79EFBC}") = "StubDataAccessLayer", "StubDataAccessLayer\StubDataAccessLayer.csproj", "{D6C852E1-10CF-449F-8054-E57BB4D35BCF}"
EndProject
Project("{FAE04EC0-301F-11D3-BF4B-00C04F79EFBC}") = "EntitiesLayer", "EntitiesLayer\EntitiesLayer.csproj", "{F4F5AFFA-D9A0-4CC3-9A05-DAD41B6AACA6}"
EndProject
Project("{FAE04EC0-301F-11D3-BF4B-00C04F79EFBC}") = "BiblioConsole", "BiblioConsole\BiblioConsole.csproj", "{C4584BB7-6583-4F32-9DE5-9F54F6619801}"
	ProjectSection(ProjectDependencies) = postProject
		{381BD9D9-A05E-4683-B8CB-EBB7C9F23EB9} = {381BD9D9-A05E-4683-B8CB-EBB7C9F23EB9}
		{F4F5AFFA-D9A0-4CC3-9A05-DAD41B6AACA6} = {F4F5AFFA-D9A0-4CC3-9A05-DAD41B6AACA6}
	EndProjectSection
EndProject
Project("{FAE04EC0-301F-11D3-BF4B-00C04F79EFBC}") = "BiblioWPF", "BiblioWPF\BiblioWPF.csproj", "{DF0DA002-FF7E-4CEB-B9ED-E9916D04484E}"
EndProject
Global
	GlobalSection(SolutionConfigurationPlatforms) = preSolution
		Debug|Any CPU = Debug|Any CPU
		Release|Any CPU = Release|Any CPU
	EndGlobalSection
	GlobalSection(ProjectConfigurationPlatforms) = postSolution
		{381BD9D9-A05E-4683-B8CB-EBB7C9F23EB9}.Debug|Any CPU.ActiveCfg = Debug|Any CPU
		{381BD9D9-A05E-4683-B8CB-EBB7C9F23EB9}.Debug|Any CPU.Build.0 = Debug|Any CPU
		{381BD9D9-A05E-4683-B8CB-EBB7C9F23EB9}.Release|Any CPU.ActiveCfg = Release|Any CPU
		{381BD9D9-A05E-4683-B8CB-EBB7C9F23EB9}.Release|Any CPU.Build.0 = Release|Any CPU
		{D6C852E1-10CF-449F-8054-E57BB4D35BCF}.Debug|Any CPU.ActiveCfg = Debug|Any CPU
		{D6C852E1-10CF-449F-8054-E57BB4D35BCF}.Debug|Any CPU.Build.0 = Debug|Any CPU
		{D6C852E1-10CF-449F-8054-E57BB4D35BCF}.Release|Any CPU.ActiveCfg = Release|Any CPU
		{D6C852E1-10CF-449F-8054-E57BB4D35BCF}.Release|Any CPU.Build.0 = Release|Any CPU
		{F4F5AFFA-D9A0-4CC3-9A05-DAD41B6AACA6}.Debug|Any CPU.ActiveCfg = Debug|Any CPU
		{F4F5AFFA-D9A0-4CC3-9A05-DAD41B6AACA6}.Debug|Any CPU.Build.0 = Debug|Any CPU
		{F4F5AFFA-D9A0-4CC3-9A05-DAD41B6AACA6}.Release|Any CPU.ActiveCfg = Release|Any CPU
		{F4F5AFFA-D9A0-4CC3-9A05-DAD41B6AACA6}.Release|Any CPU.Build.0 = Release|Any CPU
		{C4584BB7-6583-4F32-9DE5-9F54F6619801}.Debug|Any CPU.ActiveCfg = Debug|Any CPU
		{C4584BB7-6583-4F32-9DE5-9F54F6619801}.Debug|Any CPU.Build.0 = Debug|Any CPU
		{C4584BB7-6583-4F32-9DE5-9F54F6619801}.Release|Any CPU.ActiveCfg = Release|Any CPU
		{C4584BB7-6583-4F32-9DE5-9F54F6619801}.Release|Any CPU.Build.0 = Release|Any CPU
		{DF0DA002-FF7E-4CEB-B9ED-E9916D04484E}.Debug|Any CPU.ActiveCfg = Debug|Any CPU
		{DF0DA002-FF7E-4CEB-B9ED-E9916D04484E}.Debug|Any CPU.Build.0 = Debug|Any CPU
		{DF0DA002-FF7E-4CEB-B9ED-E9916D04484E}.Release|Any CPU.ActiveCfg = Release|Any CPU
		{DF0DA002-FF7E-4CEB-B9ED-E9916D04484E}.Release|Any CPU.Build.0 = Release|Any CPU
	EndGlobalSection
	GlobalSection(SolutionProperties) = preSolution
		HideSolutionNode = FALSE
	EndGlobalSection
EndGlobal
